
Microsoft Visual Studio Solution File, Format Version 11.00
# Visual Studio 2010
Project("{FAE04EC0-301F-11D3-BF4B-00C04F79EFBC}") = "Landscape", "Landscape\Landscape\Landscape.csproj", "{AB2F62FA-EE31-46CE-AC6F-4D8659F594D7}"
EndProject
Project("{96E2B04D-8817-42C6-938A-82C39BA4D311}") = "LandscapeContent", "Landscape\LandscapeContent\LandscapeContent.contentproj", "{DBA6EA3E-7ACF-42F7-B445-35AA3550DEDA}"
EndProject
Global
	GlobalSection(SolutionConfigurationPlatforms) = preSolution
		Debug|x86 = Debug|x86
		Release|x86 = Release|x86
	EndGlobalSection
	GlobalSection(ProjectConfigurationPlatforms) = postSolution
		{AB2F62FA-EE31-46CE-AC6F-4D8659F594D7}.Debug|x86.ActiveCfg = Debug|x86
		{AB2F62FA-EE31-46CE-AC6F-4D8659F594D7}.Debug|x86.Build.0 = Debug|x86
		{AB2F62FA-EE31-46CE-AC6F-4D8659F594D7}.Release|x86.ActiveCfg = Release|x86
		{AB2F62FA-EE31-46CE-AC6F-4D8659F594D7}.Release|x86.Build.0 = Release|x86
		{DBA6EA3E-7ACF-42F7-B445-35AA3550DEDA}.Debug|x86.ActiveCfg = Debug|x86
		{DBA6EA3E-7ACF-42F7-B445-35AA3550DEDA}.Release|x86.ActiveCfg = Release|x86
	EndGlobalSection
	GlobalSection(SolutionProperties) = preSolution
		HideSolutionNode = FALSE
	EndGlobalSection
EndGlobal
